// !$*UTF8*$!
{
	archiveVersion = 1;
	classes = {
	};
	objectVersion = 44;
	objects = {

/* Begin PBXBuildFile section */
		8D202CEA0486D31800D8A456 /* TumblrSpotlightPlugin_Prefix.pch in Headers */ = {isa = PBXBuildFile; fileRef = 32DBCFA20370C41700C91783 /* TumblrSpotlightPlugin_Prefix.pch */; };
		8D202CF30486D31800D8A456 /* Cocoa.framework in Frameworks */ = {isa = PBXBuildFile; fileRef = 1058C7ADFEA557BF11CA2CBB /* Cocoa.framework */; };
		9648B5E80D195BC700DC73E2 /* RubyCocoa.framework in Frameworks */ = {isa = PBXBuildFile; fileRef = 9648B5E70D195BC700DC73E2 /* RubyCocoa.framework */; };
		A00ADD781074178B00BCBC05 /* tumblrimportLoader.m in Sources */ = {isa = PBXBuildFile; fileRef = A00ADD761074178B00BCBC05 /* tumblrimportLoader.m */; };
		A00ADD791074178B00BCBC05 /* tumblrimport.rb in Resources */ = {isa = PBXBuildFile; fileRef = A00ADD771074178B00BCBC05 /* tumblrimport.rb */; };
		A00ADD7C107417AD00BCBC05 /* GetMetadataForFile.m in Sources */ = {isa = PBXBuildFile; fileRef = A00ADD7A107417AD00BCBC05 /* GetMetadataForFile.m */; };
		A00ADD7D107417AD00BCBC05 /* main.c in Sources */ = {isa = PBXBuildFile; fileRef = A00ADD7B107417AD00BCBC05 /* main.c */; };
		A00ADD801074181D00BCBC05 /* CoreFoundation.framework in Frameworks */ = {isa = PBXBuildFile; fileRef = A00ADD7E1074181D00BCBC05 /* CoreFoundation.framework */; };
		A00ADD811074181D00BCBC05 /* CoreServices.framework in Frameworks */ = {isa = PBXBuildFile; fileRef = A00ADD7F1074181D00BCBC05 /* CoreServices.framework */; };
		A00ADDED10741EEC00BCBC05 /* Info.plist in Resources */ = {isa = PBXBuildFile; fileRef = A00ADDEB10741EEC00BCBC05 /* Info.plist */; };
		A00ADDF210741F3E00BCBC05 /* schema.xml in Resources */ = {isa = PBXBuildFile; fileRef = A00ADDEA10741EEC00BCBC05 /* schema.xml */; };
		A00ADDF610741F8300BCBC05 /* schema.strings in Resources */ = {isa = PBXBuildFile; fileRef = A00ADDF510741F8300BCBC05 /* schema.strings */; };
		A00ADDFA10741FAA00BCBC05 /* InfoPlist.strings in Resources */ = {isa = PBXBuildFile; fileRef = A00ADDF910741FAA00BCBC05 /* InfoPlist.strings */; };
/* End PBXBuildFile section */

/* Begin PBXFileReference section */
		089C1672FE841209C02AAC07 /* Foundation.framework */ = {isa = PBXFileReference; lastKnownFileType = wrapper.framework; name = Foundation.framework; path = /System/Library/Frameworks/Foundation.framework; sourceTree = "<absolute>"; };
		089C167FFE841241C02AAC07 /* AppKit.framework */ = {isa = PBXFileReference; lastKnownFileType = wrapper.framework; name = AppKit.framework; path = /System/Library/Frameworks/AppKit.framework; sourceTree = "<absolute>"; };
		1058C7ADFEA557BF11CA2CBB /* Cocoa.framework */ = {isa = PBXFileReference; lastKnownFileType = wrapper.framework; name = Cocoa.framework; path = /System/Library/Frameworks/Cocoa.framework; sourceTree = "<absolute>"; };
		32DBCFA20370C41700C91783 /* TumblrSpotlightPlugin_Prefix.pch */ = {isa = PBXFileReference; fileEncoding = 4; lastKnownFileType = sourcecode.c.h; path = TumblrSpotlightPlugin_Prefix.pch; sourceTree = "<group>"; };
		8D202CF80486D31800D8A456 /* TumblrSpotlightPlugin.mdimporter */ = {isa = PBXFileReference; explicitFileType = wrapper.cfbundle; includeInIndex = 0; path = TumblrSpotlightPlugin.mdimporter; sourceTree = BUILT_PRODUCTS_DIR; };
		9648B5E70D195BC700DC73E2 /* RubyCocoa.framework */ = {isa = PBXFileReference; lastKnownFileType = wrapper.framework; name = RubyCocoa.framework; path = /System/Library/Frameworks/RubyCocoa.framework; sourceTree = "<absolute>"; };
		A00ADD761074178B00BCBC05 /* tumblrimportLoader.m */ = {isa = PBXFileReference; fileEncoding = 4; lastKnownFileType = sourcecode.c.objc; path = tumblrimportLoader.m; sourceTree = "<group>"; };
		A00ADD771074178B00BCBC05 /* tumblrimport.rb */ = {isa = PBXFileReference; fileEncoding = 4; lastKnownFileType = text.script.ruby; path = tumblrimport.rb; sourceTree = "<group>"; };
		A00ADD7A107417AD00BCBC05 /* GetMetadataForFile.m */ = {isa = PBXFileReference; fileEncoding = 4; lastKnownFileType = sourcecode.c.objc; path = GetMetadataForFile.m; sourceTree = "<group>"; };
		A00ADD7B107417AD00BCBC05 /* main.c */ = {isa = PBXFileReference; fileEncoding = 4; lastKnownFileType = sourcecode.c.c; path = main.c; sourceTree = "<group>"; };
		A00ADD7E1074181D00BCBC05 /* CoreFoundation.framework */ = {isa = PBXFileReference; lastKnownFileType = wrapper.framework; name = CoreFoundation.framework; path = /System/Library/Frameworks/CoreFoundation.framework; sourceTree = "<absolute>"; };
		A00ADD7F1074181D00BCBC05 /* CoreServices.framework */ = {isa = PBXFileReference; lastKnownFileType = wrapper.framework; name = CoreServices.framework; path = /System/Library/Frameworks/CoreServices.framework; sourceTree = "<absolute>"; };
		A00ADDEA10741EEC00BCBC05 /* schema.xml */ = {isa = PBXFileReference; fileEncoding = 4; lastKnownFileType = text.xml; path = schema.xml; sourceTree = "<group>"; };
		A00ADDEB10741EEC00BCBC05 /* Info.plist */ = {isa = PBXFileReference; fileEncoding = 4; lastKnownFileType = text.plist.xml; path = Info.plist; sourceTree = "<group>"; };
		A00ADDF310741F7400BCBC05 /* English */ = {isa = PBXFileReference; fileEncoding = 10; lastKnownFileType = text.plist.strings; name = English; path = English.lproj/schema.strings; sourceTree = "<group>"; };
		A00ADDF710741FA100BCBC05 /* English */ = {isa = PBXFileReference; fileEncoding = 10; lastKnownFileType = text.plist.strings; name = English; path = English.lproj/InfoPlist.strings; sourceTree = "<group>"; };
/* End PBXFileReference section */

/* Begin PBXFrameworksBuildPhase section */
		8D202CF20486D31800D8A456 /* Frameworks */ = {
			isa = PBXFrameworksBuildPhase;
			buildActionMask = 2147483647;
			files = (
				8D202CF30486D31800D8A456 /* Cocoa.framework in Frameworks */,
				9648B5E80D195BC700DC73E2 /* RubyCocoa.framework in Frameworks */,
				A00ADD801074181D00BCBC05 /* CoreFoundation.framework in Frameworks */,
				A00ADD811074181D00BCBC05 /* CoreServices.framework in Frameworks */,
			);
			runOnlyForDeploymentPostprocessing = 0;
		};
/* End PBXFrameworksBuildPhase section */

/* Begin PBXGroup section */
		089C166AFE841209C02AAC07 /* TumblrSpotlightPlugin */ = {
			isa = PBXGroup;
			children = (
				08FB77AFFE84173DC02AAC07 /* Classes */,
				32DBCFA10370C40200C91783 /* Other Sources */,
				089C167CFE841241C02AAC07 /* Resources */,
				089C1671FE841209C02AAC07 /* Frameworks and Libraries */,
				19C28FB8FE9D52D311CA2CBB /* Products */,
			);
			name = TumblrSpotlightPlugin;
			sourceTree = "<group>";
		};
		089C1671FE841209C02AAC07 /* Frameworks and Libraries */ = {
			isa = PBXGroup;
			children = (
				1058C7ACFEA557BF11CA2CBB /* Linked Frameworks */,
				1058C7AEFEA557BF11CA2CBB /* Other Frameworks */,
			);
			name = "Frameworks and Libraries";
			sourceTree = "<group>";
		};
		089C167CFE841241C02AAC07 /* Resources */ = {
			isa = PBXGroup;
			children = (
				A00ADDEA10741EEC00BCBC05 /* schema.xml */,
				A00ADDF510741F8300BCBC05 /* schema.strings */,
				A00ADDEB10741EEC00BCBC05 /* Info.plist */,
				A00ADDF910741FAA00BCBC05 /* InfoPlist.strings */,
			);
			name = Resources;
			sourceTree = "<group>";
		};
		08FB77AFFE84173DC02AAC07 /* Classes */ = {
			isa = PBXGroup;
			children = (
				A00ADD761074178B00BCBC05 /* tumblrimportLoader.m */,
				A00ADD771074178B00BCBC05 /* tumblrimport.rb */,
			);
			name = Classes;
			sourceTree = "<group>";
		};
		1058C7ACFEA557BF11CA2CBB /* Linked Frameworks */ = {
			isa = PBXGroup;
			children = (
				9648B5E70D195BC700DC73E2 /* RubyCocoa.framework */,
				1058C7ADFEA557BF11CA2CBB /* Cocoa.framework */,
			);
			name = "Linked Frameworks";
			sourceTree = "<group>";
		};
		1058C7AEFEA557BF11CA2CBB /* Other Frameworks */ = {
			isa = PBXGroup;
			children = (
				A00ADD7E1074181D00BCBC05 /* CoreFoundation.framework */,
				A00ADD7F1074181D00BCBC05 /* CoreServices.framework */,
				089C1672FE841209C02AAC07 /* Foundation.framework */,
				089C167FFE841241C02AAC07 /* AppKit.framework */,
			);
			name = "Other Frameworks";
			sourceTree = "<group>";
		};
		19C28FB8FE9D52D311CA2CBB /* Products */ = {
			isa = PBXGroup;
			children = (
				8D202CF80486D31800D8A456 /* TumblrSpotlightPlugin.mdimporter */,
			);
			name = Products;
			sourceTree = "<group>";
		};
		32DBCFA10370C40200C91783 /* Other Sources */ = {
			isa = PBXGroup;
			children = (
				A00ADD7A107417AD00BCBC05 /* GetMetadataForFile.m */,
				A00ADD7B107417AD00BCBC05 /* main.c */,
				32DBCFA20370C41700C91783 /* TumblrSpotlightPlugin_Prefix.pch */,
			);
			name = "Other Sources";
			sourceTree = "<group>";
		};
/* End PBXGroup section */

/* Begin PBXHeadersBuildPhase section */
		8D202CE90486D31800D8A456 /* Headers */ = {
			isa = PBXHeadersBuildPhase;
			buildActionMask = 2147483647;
			files = (
				8D202CEA0486D31800D8A456 /* TumblrSpotlightPlugin_Prefix.pch in Headers */,
			);
			runOnlyForDeploymentPostprocessing = 0;
		};
/* End PBXHeadersBuildPhase section */

/* Begin PBXNativeTarget section */
		8D202CE80486D31800D8A456 /* TumblrSpotlightPlugin */ = {
			isa = PBXNativeTarget;
			buildConfigurationList = 1DBD214808BA80EA00186707 /* Build configuration list for PBXNativeTarget "TumblrSpotlightPlugin" */;
			buildPhases = (
				8D202CE90486D31800D8A456 /* Headers */,
				8D202CEC0486D31800D8A456 /* Resources */,
				8D202CF00486D31800D8A456 /* Sources */,
				8D202CF20486D31800D8A456 /* Frameworks */,
				8D202CF50486D31800D8A456 /* Rez */,
			);
			buildRules = (
			);
			dependencies = (
			);
			name = TumblrSpotlightPlugin;
			productInstallPath = "$(HOME)/Library/PreferencePanes";
			productName = TumblrSpotlightPlugin;
			productReference = 8D202CF80486D31800D8A456 /* TumblrSpotlightPlugin.mdimporter */;
			productType = "com.apple.product-type.bundle";
		};
/* End PBXNativeTarget section */

/* Begin PBXProject section */
		089C1669FE841209C02AAC07 /* Project object */ = {
			isa = PBXProject;
			buildConfigurationList = 1DBD214C08BA80EA00186707 /* Build configuration list for PBXProject "TumblrSpotlightPlugin" */;
			compatibilityVersion = "Xcode 3.0";
			hasScannedForEncodings = 1;
			mainGroup = 089C166AFE841209C02AAC07 /* TumblrSpotlightPlugin */;
			projectDirPath = "";
			projectRoot = "";
			targets = (
				8D202CE80486D31800D8A456 /* TumblrSpotlightPlugin */,
			);
		};
/* End PBXProject section */

/* Begin PBXResourcesBuildPhase section */
		8D202CEC0486D31800D8A456 /* Resources */ = {
			isa = PBXResourcesBuildPhase;
			buildActionMask = 2147483647;
			files = (
				A00ADD791074178B00BCBC05 /* tumblrimport.rb in Resources */,
				A00ADDF210741F3E00BCBC05 /* schema.xml in Resources */,
				A00ADDED10741EEC00BCBC05 /* Info.plist in Resources */,
				A00ADDF610741F8300BCBC05 /* schema.strings in Resources */,
				A00ADDFA10741FAA00BCBC05 /* InfoPlist.strings in Resources */,
			);
			runOnlyForDeploymentPostprocessing = 0;
		};
/* End PBXResourcesBuildPhase section */

/* Begin PBXRezBuildPhase section */
		8D202CF50486D31800D8A456 /* Rez */ = {
			isa = PBXRezBuildPhase;
			buildActionMask = 2147483647;
			files = (
			);
			runOnlyForDeploymentPostprocessing = 0;
		};
/* End PBXRezBuildPhase section */

/* Begin PBXSourcesBuildPhase section */
		8D202CF00486D31800D8A456 /* Sources */ = {
			isa = PBXSourcesBuildPhase;
			buildActionMask = 2147483647;
			files = (
				A00ADD781074178B00BCBC05 /* tumblrimportLoader.m in Sources */,
				A00ADD7C107417AD00BCBC05 /* GetMetadataForFile.m in Sources */,
				A00ADD7D107417AD00BCBC05 /* main.c in Sources */,
			);
			runOnlyForDeploymentPostprocessing = 0;
		};
/* End PBXSourcesBuildPhase section */

/* Begin PBXVariantGroup section */
		A00ADDF510741F8300BCBC05 /* schema.strings */ = {
			isa = PBXVariantGroup;
			children = (
				A00ADDF310741F7400BCBC05 /* English */,
			);
			name = schema.strings;
			sourceTree = "<group>";
		};
		A00ADDF910741FAA00BCBC05 /* InfoPlist.strings */ = {
			isa = PBXVariantGroup;
			children = (
				A00ADDF710741FA100BCBC05 /* English */,
			);
			name = InfoPlist.strings;
			sourceTree = "<group>";
		};
/* End PBXVariantGroup section */

/* Begin XCBuildConfiguration section */
		1DBD214908BA80EA00186707 /* Debug */ = {
			isa = XCBuildConfiguration;
			buildSettings = {
				COPY_PHASE_STRIP = NO;
				GCC_DYNAMIC_NO_PIC = NO;
				GCC_ENABLE_FIX_AND_CONTINUE = YES;
				GCC_MODEL_TUNING = G5;
				GCC_OPTIMIZATION_LEVEL = 0;
				GCC_PRECOMPILE_PREFIX_HEADER = YES;
				GCC_PREFIX_HEADER = TumblrSpotlightPlugin_Prefix.pch;
				INFOPLIST_FILE = Info.plist;
				INSTALL_PATH = "$(HOME)/Library/Spotlight";
				PRODUCT_NAME = TumblrSpotlightPlugin;
				WRAPPER_EXTENSION = mdimporter;
				ZERO_LINK = YES;
			};
			name = Debug;
		};
		1DBD214A08BA80EA00186707 /* Release */ = {
			isa = XCBuildConfiguration;
			buildSettings = {
				DEBUG_INFORMATION_FORMAT = "dwarf-with-dsym";
				GCC_MODEL_TUNING = G5;
				GCC_PRECOMPILE_PREFIX_HEADER = YES;
				GCC_PREFIX_HEADER = TumblrSpotlightPlugin_Prefix.pch;
				INFOPLIST_FILE = Info.plist;
				INSTALL_PATH = "$(HOME)/Library/Spotlight";
				PRODUCT_NAME = TumblrSpotlightPlugin;
				WRAPPER_EXTENSION = mdimporter;
			};
			name = Release;
		};
		1DBD214D08BA80EA00186707 /* Debug */ = {
			isa = XCBuildConfiguration;
			buildSettings = {
				GCC_WARN_ABOUT_RETURN_TYPE = YES;
				GCC_WARN_UNUSED_VARIABLE = YES;
				PREBINDING = NO;
				SDKROOT = "$(DEVELOPER_SDK_DIR)/MacOSX10.5.sdk";
			};
			name = Debug;
		};
		1DBD214E08BA80EA00186707 /* Release */ = {
			isa = XCBuildConfiguration;
			buildSettings = {
				ARCHS = (
					ppc,
					i386,
				);
				GCC_WARN_ABOUT_RETURN_TYPE = YES;
				GCC_WARN_UNUSED_VARIABLE = YES;
				PREBINDING = NO;
				SDKROOT = "$(DEVELOPER_SDK_DIR)/MacOSX10.5.sdk";
			};
			name = Release;
		};
/* End XCBuildConfiguration section */

/* Begin XCConfigurationList section */
		1DBD214808BA80EA00186707 /* Build configuration list for PBXNativeTarget "TumblrSpotlightPlugin" */ = {
			isa = XCConfigurationList;
			buildConfigurations = (
				1DBD214908BA80EA00186707 /* Debug */,
				1DBD214A08BA80EA00186707 /* Release */,
			);
			defaultConfigurationIsVisible = 0;
			defaultConfigurationName = Release;
		};
		1DBD214C08BA80EA00186707 /* Build configuration list for PBXProject "TumblrSpotlightPlugin" */ = {
			isa = XCConfigurationList;
			buildConfigurations = (
				1DBD214D08BA80EA00186707 /* Debug */,
				1DBD214E08BA80EA00186707 /* Release */,
			);
			defaultConfigurationIsVisible = 0;
			defaultConfigurationName = Release;
		};
/* End XCConfigurationList section */
	};
	rootObject = 089C1669FE841209C02AAC07 /* Project object */;
}
